
Microsoft Visual Studio Solution File, Format Version 12.00
# Visual Studio 15
VisualStudioVersion = 15.0.28307.271
MinimumVisualStudioVersion = 10.0.40219.1
Project("{FAE04EC0-301F-11D3-BF4B-00C04F79EFBC}") = "HelloName", "HelloName\HelloName.csproj", "{37F9D719-F436-41C0-A4D5-8B248FDBFFC7}"
EndProject
Global
	GlobalSection(SolutionConfigurationPlatforms) = preSolution
		Debug|Any CPU = Debug|Any CPU
		Release|Any CPU = Release|Any CPU
	EndGlobalSection
	GlobalSection(ProjectConfigurationPlatforms) = postSolution
		{37F9D719-F436-41C0-A4D5-8B248FDBFFC7}.Debug|Any CPU.ActiveCfg = Debug|Any CPU
		{37F9D719-F436-41C0-A4D5-8B248FDBFFC7}.Debug|Any CPU.Build.0 = Debug|Any CPU
		{37F9D719-F436-41C0-A4D5-8B248FDBFFC7}.Release|Any CPU.ActiveCfg = Release|Any CPU
		{37F9D719-F436-41C0-A4D5-8B248FDBFFC7}.Release|Any CPU.Build.0 = Release|Any CPU
	EndGlobalSection
	GlobalSection(SolutionProperties) = preSolution
		HideSolutionNode = FALSE
	EndGlobalSection
	GlobalSection(ExtensibilityGlobals) = postSolution
		SolutionGuid = {8176509C-A2F2-4C44-88E9-692356E6FE7B}
	EndGlobalSection
EndGlobal
